// !$*UTF8*$!
{
	archiveVersion = 1;
	classes = {
	};
	objectVersion = 77;
	objects = {

/* Begin PBXBuildFile section */
		0CF71C02E78A05C25F2F17C5 /* PlansTab.swift in Sources */ = {isa = PBXBuildFile; fileRef = 8F447731B6BD81E345DC317C /* PlansTab.swift */; };
		10355D21C654EADE6FD330F8 /* ManageStore.swift in Sources */ = {isa = PBXBuildFile; fileRef = DEB7E7CA548A36BCFE14286D /* ManageStore.swift */; };
		11EB348CD8CAECD1433CF102 /* ProviderSettingsView.swift in Sources */ = {isa = PBXBuildFile; fileRef = 2374FC6750550046D6539B98 /* ProviderSettingsView.swift */; };
		1834F740167A2A406FB1F902 /* MatchListView.swift in Sources */ = {isa = PBXBuildFile; fileRef = 4DD49929B95062D6C14B1AAA /* MatchListView.swift */; };
		18B2E4FFD791BE94F4BCE766 /* SelectStaffStep.swift in Sources */ = {isa = PBXBuildFile; fileRef = 2934F8CCB010D39D95646461 /* SelectStaffStep.swift */; };
		1BA3D27DCC4250AD14D1408B /* SignInView.swift in Sources */ = {isa = PBXBuildFile; fileRef = 96D36698AA444EA563F706C3 /* SignInView.swift */; };
		1D32D5937D8EAC85FE5B016A /* PortfolioManageView.swift in Sources */ = {isa = PBXBuildFile; fileRef = C565C7DFFC5BD54EEC029D30 /* PortfolioManageView.swift */; };
		1DA32B4C3FA34CBA613543BF /* FavoritesView.swift in Sources */ = {isa = PBXBuildFile; fileRef = 03029E6E8F04CFB83F383D99 /* FavoritesView.swift */; };
		1F04D917E7EB95F76A5E3A1F /* ExploreView.swift in Sources */ = {isa = PBXBuildFile; fileRef = DEEF157408D8E9FC32CAB164 /* ExploreView.swift */; };
		2B06886404DF20D549D68B82 /* VerifyPhoneView.swift in Sources */ = {isa = PBXBuildFile; fileRef = A8EC05636DF6C6549E25A13A /* VerifyPhoneView.swift */; };
		2B0FB85D1D4FBA3E30531C36 /* NotificationsView.swift in Sources */ = {isa = PBXBuildFile; fileRef = 7EBCAEBA75EED55059756982 /* NotificationsView.swift */; };
		2C3FF1FB5D32B55F214C23CF /* Formatters.swift in Sources */ = {isa = PBXBuildFile; fileRef = D972C662583D5B223F7EA4A0 /* Formatters.swift */; };
		2D84F804956A9B4E2001EAF8 /* APIEndpoints.swift in Sources */ = {isa = PBXBuildFile; fileRef = 63DE1EFB49360E911B70DD19 /* APIEndpoints.swift */; };
		3089340538D5BDE87CD86017 /* FormattersTests.swift in Sources */ = {isa = PBXBuildFile; fileRef = 21B791EEC5CE4032749DCBAB /* FormattersTests.swift */; };
		31EBF85CB4B2613CD6E0EBE2 /* VoucherPurchaseView.swift in Sources */ = {isa = PBXBuildFile; fileRef = 07395F7FBD3EFD5D58450EEB /* VoucherPurchaseView.swift */; };
		32183206577F3858B1FD252A /* CustomersView.swift in Sources */ = {isa = PBXBuildFile; fileRef = 4C40E586F8D9DE4503CC2355 /* CustomersView.swift */; };
		36379031FED7F587A15E55AA /* SearchBar.swift in Sources */ = {isa = PBXBuildFile; fileRef = 2F4A0C334CC9FCB387E56555 /* SearchBar.swift */; };
		39AEE8D47E360F4B0C9CF454 /* MatchDetailView.swift in Sources */ = {isa = PBXBuildFile; fileRef = 96BFDADF16C7AC38789FB361 /* MatchDetailView.swift */; };
		3DEB22C98C18342D1C943C0A /* TimeSlotBlockView.swift in Sources */ = {isa = PBXBuildFile; fileRef = 59F54C12A06633647E141E44 /* TimeSlotBlockView.swift */; };
		458DBD822364177B32DC94B2 /* BookingDetailView.swift in Sources */ = {isa = PBXBuildFile; fileRef = F6E601337DFB94604661F548 /* BookingDetailView.swift */; };
		4D9EB225126090E95EB36918 /* StaffPicker.swift in Sources */ = {isa = PBXBuildFile; fileRef = 7C72E9A4B5C3E5D344D61C1D /* StaffPicker.swift */; };
		4E427570EA556A6F90498B8B /* BookingFlowStore.swift in Sources */ = {isa = PBXBuildFile; fileRef = C48F2BED866E0F0C7C4052DB /* BookingFlowStore.swift */; };
		51B17AF8FBA915A5E5014539 /* BusinessHoursView.swift in Sources */ = {isa = PBXBuildFile; fileRef = 97CCD52B75E509D878765AE9 /* BusinessHoursView.swift */; };
		532629E7607E1846AC80D9FF /* PaymentStep.swift in Sources */ = {isa = PBXBuildFile; fileRef = 4B90E5EE2B699D274E1B2F0F /* PaymentStep.swift */; };
		547A31E046DD18058746A636 /* ProviderStore.swift in Sources */ = {isa = PBXBuildFile; fileRef = 6D3A640E288C2A22936DA470 /* ProviderStore.swift */; };
		578B4C0F122DA64EA6DFFD0D /* GoogleSignIn in Frameworks */ = {isa = PBXBuildFile; productRef = 88E819C13F644CF06CEBF949 /* GoogleSignIn */; };
		57941E216BD5880D105341F7 /* UnpaidOrdersView.swift in Sources */ = {isa = PBXBuildFile; fileRef = 4EB3DBBB748D2E5BDBA6C593 /* UnpaidOrdersView.swift */; };
		59E16468F320619BEB2DEBA6 /* ProviderRegisterView.swift in Sources */ = {isa = PBXBuildFile; fileRef = B55C8DCD77E2C2E6B091E362 /* ProviderRegisterView.swift */; };
		5F817CA3DB021622BD6D9F94 /* ManageNotificationsView.swift in Sources */ = {isa = PBXBuildFile; fileRef = 36063F768E8EB81DDECEC61A /* ManageNotificationsView.swift */; };
		5F854E6EE51CFA4A59B4A8C0 /* ImageUploader.swift in Sources */ = {isa = PBXBuildFile; fileRef = 15CC6DF19A272CD8F2A768A6 /* ImageUploader.swift */; };
		618E05097A7A03A9916CB740 /* SurveyView.swift in Sources */ = {isa = PBXBuildFile; fileRef = 3D6731380E1EB531A923A1E4 /* SurveyView.swift */; };
		633F38E6EC8C3F3165DE0616 /* AnalyticsView.swift in Sources */ = {isa = PBXBuildFile; fileRef = FC48258B25BA0DF86C5D9E9F /* AnalyticsView.swift */; };
		6560E21C25F318F918E6FBB0 /* TokenManager.swift in Sources */ = {isa = PBXBuildFile; fileRef = 4B0DBE22E261E9144D343FED /* TokenManager.swift */; };
		6A5076C34B02D8725CAD5581 /* BookingFlowView.swift in Sources */ = {isa = PBXBuildFile; fileRef = A3DD3BA686B0021435B4F5DB /* BookingFlowView.swift */; };
		6A7151ADD8F743FF17EF96EF /* ContentView.swift in Sources */ = {isa = PBXBuildFile; fileRef = 4BFBF584303124451F21B926 /* ContentView.swift */; };
		6A736BA5FBC3E8BF75E74903 /* StaffManageStore.swift in Sources */ = {isa = PBXBuildFile; fileRef = 3BAA7F0FB9F292184AB74AB7 /* StaffManageStore.swift */; };
		6B75B29EE23D9388A81F9266 /* ConfirmStep.swift in Sources */ = {isa = PBXBuildFile; fileRef = 82D25EAD37163CDA272AC8B3 /* ConfirmStep.swift */; };
		6EDF8A3A72943D117B22DD50 /* StaffTab.swift in Sources */ = {isa = PBXBuildFile; fileRef = D2F00D4224A6C98E667B62B2 /* StaffTab.swift */; };
		6F893F73CD6914031FCBD53F /* MyVouchersView.swift in Sources */ = {isa = PBXBuildFile; fileRef = F1C8E74585C862ED6A4E3979 /* MyVouchersView.swift */; };
		72217F40BE1607825A564026 /* Kingfisher in Frameworks */ = {isa = PBXBuildFile; productRef = 377B3D79DC307092D56FB62C /* Kingfisher */; };
		73385D3B8125F91824AA4361 /* Theme.swift in Sources */ = {isa = PBXBuildFile; fileRef = 2D2F1E7861BA173CAACC67CF /* Theme.swift */; };
		7452696B3D08CD0D48BE26D7 /* BeautyTimeApp.swift in Sources */ = {isa = PBXBuildFile; fileRef = 30AE117C44ECEAC5DCEDF49F /* BeautyTimeApp.swift */; };
		77777DBB4B60C6A7D2222AA4 /* LoadingView.swift in Sources */ = {isa = PBXBuildFile; fileRef = 816A16D59CB3A7F94F3B9CCC /* LoadingView.swift */; };
		77A18A8EC8F5B21A68078116 /* APIError.swift in Sources */ = {isa = PBXBuildFile; fileRef = EE5CA8C66C37279AA941AA10 /* APIError.swift */; };
		82F283932FE119F0A3A6E171 /* NotificationStore.swift in Sources */ = {isa = PBXBuildFile; fileRef = 35B1D42D1004BEFED7777499 /* NotificationStore.swift */; };
		83CFD86E9BF6CD5E6EB2F461 /* StaffScheduleEditView.swift in Sources */ = {isa = PBXBuildFile; fileRef = F6FC438B3DB46A3F3494362A /* StaffScheduleEditView.swift */; };
		8606BC4BAA02F3A5271DDD30 /* CreateMatchView.swift in Sources */ = {isa = PBXBuildFile; fileRef = 12DDB880CEA064610848E38D /* CreateMatchView.swift */; };
		8B35CE79CFEF02D0B4821B98 /* SelectDateTimeStep.swift in Sources */ = {isa = PBXBuildFile; fileRef = 7A774F38A7B35A32DFAE59B7 /* SelectDateTimeStep.swift */; };
		8BAFDA47B6F769F3627579C6 /* HTTPMethod.swift in Sources */ = {isa = PBXBuildFile; fileRef = D7EBB2023D701AFAF189340A /* HTTPMethod.swift */; };
		8BD0DEA1CDA79DF0BF342CED /* ConstantsTests.swift in Sources */ = {isa = PBXBuildFile; fileRef = 6CC625A7D595C35D3C53CD7B /* ConstantsTests.swift */; };
		8C72756672960A5C5C1A50CE /* FilterSheet.swift in Sources */ = {isa = PBXBuildFile; fileRef = F35DF4D93DE3EAEE639402EE /* FilterSheet.swift */; };
		92A173DD95707792B45BBE10 /* ScheduleView.swift in Sources */ = {isa = PBXBuildFile; fileRef = D2DA1E711F0A3AD89509A6FC /* ScheduleView.swift */; };
		95D049363764D0FF6D5BBD22 /* TokenManagerTests.swift in Sources */ = {isa = PBXBuildFile; fileRef = D208C10EFEBDBE6C9B90223E /* TokenManagerTests.swift */; };
		C2A8C7A2834B4CAB8DFC077A /* APIClientTests.swift in Sources */ = {isa = PBXBuildFile; fileRef = BFA296F5A08840BBA628ADA0 /* APIClientTests.swift */; };
		41CCCBD57107451590D6710B /* AuthStoreTests.swift in Sources */ = {isa = PBXBuildFile; fileRef = 81E1FFAC884B4694B3D07EB6 /* AuthStoreTests.swift */; };
		984AB1DF06504380AF9ACD1E /* UserStore.swift in Sources */ = {isa = PBXBuildFile; fileRef = 60DAF79DFDE8869B4520C3FD /* UserStore.swift */; };
		985502E0F6311683244FA61D /* MarketingView.swift in Sources */ = {isa = PBXBuildFile; fileRef = D8EF2563AF359C9FE5A4A718 /* MarketingView.swift */; };
		98FFC32FED7024D2776541E7 /* SignUpView.swift in Sources */ = {isa = PBXBuildFile; fileRef = B46B3CAAE27FDE36911BF9D5 /* SignUpView.swift */; };
		9B310F018F364D6EB50E12D6 /* VoucherDetailView.swift in Sources */ = {isa = PBXBuildFile; fileRef = A6FD6E59BC6F0C4287E70572 /* VoucherDetailView.swift */; };
		9D00CAA871130F4D50570803 /* EditProfileView.swift in Sources */ = {isa = PBXBuildFile; fileRef = 0F9CAF964FC9D93EA9B63953 /* EditProfileView.swift */; };
		9E116E7745A5C627A61AE60F /* StaffInvitationsView.swift in Sources */ = {isa = PBXBuildFile; fileRef = 083CF38227787717E6299F34 /* StaffInvitationsView.swift */; };
		9E1B30C556E747B3F826EDB6 /* PerformanceView.swift in Sources */ = {isa = PBXBuildFile; fileRef = 24912AB79544F975FEA129D0 /* PerformanceView.swift */; };
		A6697843F4A245669CC9ED83 /* VoucherPlansView.swift in Sources */ = {isa = PBXBuildFile; fileRef = 6AE7009C8BD93B3E691BE79F /* VoucherPlansView.swift */; };
		ACF5C118DD410F6FF927618A /* OTPInputView.swift in Sources */ = {isa = PBXBuildFile; fileRef = 583E81162A016EC636607F40 /* OTPInputView.swift */; };
		B093D08051089A2603DD8BF7 /* Constants.swift in Sources */ = {isa = PBXBuildFile; fileRef = 25F0AA46314AACD689A976B3 /* Constants.swift */; };
		B1EC5B721A9B9BDD5A81357B /* PortfolioSection.swift in Sources */ = {isa = PBXBuildFile; fileRef = A508248C99B8E8CB56B9C063 /* PortfolioSection.swift */; };
		B6C9EDBC22B2CE5259784391 /* StoreTests.swift in Sources */ = {isa = PBXBuildFile; fileRef = 7624D32F8F147C73659D9824 /* StoreTests.swift */; };
		B793D7746FAE260E698CAF22 /* QRCodeView.swift in Sources */ = {isa = PBXBuildFile; fileRef = 101CB85B34F1625C39761FF3 /* QRCodeView.swift */; };
		BA2447E31FFF4A42F5D03125 /* APIClient.swift in Sources */ = {isa = PBXBuildFile; fileRef = 9A0D1F05E2BE5A8416B262EC /* APIClient.swift */; };
		BD8E4613248270418926C249 /* ManageView.swift in Sources */ = {isa = PBXBuildFile; fileRef = 50D6321A2EC3BE6AF59ED435 /* ManageView.swift */; };
		C0D2278C0FA1B88B811E1F94 /* MyCouponsView.swift in Sources */ = {isa = PBXBuildFile; fileRef = 275296EA03768BCDD011D774 /* MyCouponsView.swift */; };
		C2D38DCFB259B637141DD4EF /* StaffExceptionsView.swift in Sources */ = {isa = PBXBuildFile; fileRef = 50311427D176B0DE9A349EFC /* StaffExceptionsView.swift */; };
		C34AC47093667F8729CE4072 /* AuthStore.swift in Sources */ = {isa = PBXBuildFile; fileRef = D5B1F3913E202CD09E52F973 /* AuthStore.swift */; };
		C429F899F646ACB645430795 /* AppConfig.swift in Sources */ = {isa = PBXBuildFile; fileRef = 579580D9949B0CBCBB100FE3 /* AppConfig.swift */; };
		C42EFF2A26A0C1083FA21732 /* MainTabView.swift in Sources */ = {isa = PBXBuildFile; fileRef = B62507B1B8DD4C62DD905A10 /* MainTabView.swift */; };
		C8AD38DD2E48CA5F525AB4C3 /* PayrollView.swift in Sources */ = {isa = PBXBuildFile; fileRef = C7070526C3D28D166D2A0905 /* PayrollView.swift */; };
		D074ACCE96BCE57BE7319A9F /* PayrollManageStore.swift in Sources */ = {isa = PBXBuildFile; fileRef = ECA9F53D87E464AF485D30B9 /* PayrollManageStore.swift */; };
		D57C22636AAFF6B3E1B4C17E /* AnalyticsManageStore.swift in Sources */ = {isa = PBXBuildFile; fileRef = 2CA02066323EF9E972FDD7BE /* AnalyticsManageStore.swift */; };
		D7E4A82DA367981B03F8003A /* ReviewsSection.swift in Sources */ = {isa = PBXBuildFile; fileRef = 42BBC596A4D5A5F1706DD0D4 /* ReviewsSection.swift */; };
		D8012B42FEA661FD29B92F17 /* APIEndpointsTests.swift in Sources */ = {isa = PBXBuildFile; fileRef = 283E55F165CA7E899521982F /* APIEndpointsTests.swift */; };
		DA980622AC02A02FD89DF90B /* ModelsTests.swift in Sources */ = {isa = PBXBuildFile; fileRef = CC6602FE71956943A6ACD0E0 /* ModelsTests.swift */; };
		DBFA82871EBA4C303F4D485B /* ProviderDetailView.swift in Sources */ = {isa = PBXBuildFile; fileRef = BAB1482CCDE520F35BD32A6F /* ProviderDetailView.swift */; };
		DC05C57D57201526DE67A66F /* VoucherRedeemView.swift in Sources */ = {isa = PBXBuildFile; fileRef = E578294DD14DBB64F0DFD2DF /* VoucherRedeemView.swift */; };
		DE2D8801C36CC551DB0B88D4 /* ECPayWebView.swift in Sources */ = {isa = PBXBuildFile; fileRef = B42120FB2C3DF94281857FD3 /* ECPayWebView.swift */; };
		DE50DB2D9579C1E0257A431F /* ServicesManageView.swift in Sources */ = {isa = PBXBuildFile; fileRef = D7F7C9B5502D629F938FFF21 /* ServicesManageView.swift */; };
		DFC0AB846A6A58595F405273 /* MatchOffersView.swift in Sources */ = {isa = PBXBuildFile; fileRef = E7D68C8ADB3092F7C3523A8B /* MatchOffersView.swift */; };
		E1F7CBB354F4D91B234303CD /* KeychainAccess in Frameworks */ = {isa = PBXBuildFile; productRef = CD9169DEF6C88CC287078904 /* KeychainAccess */; };
		E73A5870CAB2C49078122AC8 /* ProviderCard.swift in Sources */ = {isa = PBXBuildFile; fileRef = 7DAABCADDDD24FD75CAE2323 /* ProviderCard.swift */; };
		E76B9105C0A39E636E2CD0B1 /* ProfileView.swift in Sources */ = {isa = PBXBuildFile; fileRef = 39F87B41BD61F067A43C7409 /* ProfileView.swift */; };
		E8FBF549860AC10EE69DBF07 /* MyBookingsView.swift in Sources */ = {isa = PBXBuildFile; fileRef = 7E8266B3301EAAEFACCFB6BA /* MyBookingsView.swift */; };
		E90AA7F87CE81B9555AF6D2C /* StaffManageView.swift in Sources */ = {isa = PBXBuildFile; fileRef = 8FFFB7F89813046CDDF98F26 /* StaffManageView.swift */; };
		EA748EB6814987258091BB65 /* SelectServiceStep.swift in Sources */ = {isa = PBXBuildFile; fileRef = C6254B2A3173C8BBBB62BDCF /* SelectServiceStep.swift */; };
		EDDFBEB1DC4D95E439019CD5 /* VoucherManageStore.swift in Sources */ = {isa = PBXBuildFile; fileRef = E0464A58B4A2215089072AED /* VoucherManageStore.swift */; };
		F2B9676AD53EC87D1D77911E /* OrdersManageView.swift in Sources */ = {isa = PBXBuildFile; fileRef = A513DB2A117D067158C31C35 /* OrdersManageView.swift */; };
		F892E710A929BCBF82C2636C /* ViewModelIntegrationTests.swift in Sources */ = {isa = PBXBuildFile; fileRef = 562551BDF7C56C351E7048B6 /* ViewModelIntegrationTests.swift */; };
		FA0C59B2451C46DCF08E9164 /* Models.swift in Sources */ = {isa = PBXBuildFile; fileRef = 4E54A336004BFF85D0786C41 /* Models.swift */; };
		31E6E54B5C2A4E22B353A923 /* ProviderModels.swift in Sources */ = {isa = PBXBuildFile; fileRef = E15497D77C0641828E69D70B /* ProviderModels.swift */; };
		5E3F621C39C645CC9A31E94D /* BookingModels.swift in Sources */ = {isa = PBXBuildFile; fileRef = 9614955F5BED4D969AAA5C27 /* BookingModels.swift */; };
		739DDAEEE7CF404A9150B5A4 /* ManageModels.swift in Sources */ = {isa = PBXBuildFile; fileRef = 5EB792EFAD9A44E49F7015A6 /* ManageModels.swift */; };
		71D20DBE8E7C482EAF62A805 /* AuthModels.swift in Sources */ = {isa = PBXBuildFile; fileRef = 006CF799C4B8415E81117B00 /* AuthModels.swift */; };
		C09BB9B6B62043038FFFA0AA /* DashboardStore.swift in Sources */ = {isa = PBXBuildFile; fileRef = 8D82A4AB7575483D811EE202 /* DashboardStore.swift */; };
		D4729250FEE8467DA6697593 /* CustomerManageStore.swift in Sources */ = {isa = PBXBuildFile; fileRef = 001C113292544C0A88531DE1 /* CustomerManageStore.swift */; };
		F02082244F6648F38265263B /* OrderManageStore.swift in Sources */ = {isa = PBXBuildFile; fileRef = 03894A88E8B342FB89820BEB /* OrderManageStore.swift */; };
		AE311551F2E1468E9341FF8A /* BookingAlertService.swift in Sources */ = {isa = PBXBuildFile; fileRef = FCBB74275F8548F8A93908D7 /* BookingAlertService.swift */; };
		F7C5A84FE71840869B16CE7C /* DeepLinkRouter.swift in Sources */ = {isa = PBXBuildFile; fileRef = CC9AE9604C1744E9BECB30F3 /* DeepLinkRouter.swift */; };
		396EC14931294E889A9A8291 /* ShareCardView.swift in Sources */ = {isa = PBXBuildFile; fileRef = 53C5C0CE3DB2473A8C7CFEF0 /* ShareCardView.swift */; };
		6E61BA91A776403A87D8DF15 /* TodayDashboardCard.swift in Sources */ = {isa = PBXBuildFile; fileRef = DEA9B32C15DA4E6685DFD838 /* TodayDashboardCard.swift */; };
		FA2F175480D7CD6365F75793 /* PaymentMethodsView.swift in Sources */ = {isa = PBXBuildFile; fileRef = 6F69D0D080A72054CD402638 /* PaymentMethodsView.swift */; };
		FB01A1A5C7A5C0F3B662466B /* InvitationsView.swift in Sources */ = {isa = PBXBuildFile; fileRef = C9CFD88BAC44182A22E1C87C /* InvitationsView.swift */; };
		FD131CE18B88DE8063D40B42 /* MatchView.swift in Sources */ = {isa = PBXBuildFile; fileRef = 8E4AE200E1EC11861F457E35 /* MatchView.swift */; };
		FD3E6C93E0B2DC5DCC423A1A /* DashboardView.swift in Sources */ = {isa = PBXBuildFile; fileRef = B9D457BBAD5899F89D573BC7 /* DashboardView.swift */; };
/* End PBXBuildFile section */

/* Begin PBXContainerItemProxy section */
		3BFDE6E4B6E25B10CDF648D0 /* PBXContainerItemProxy */ = {
			isa = PBXContainerItemProxy;
			containerPortal = DE98446D373F07D11E6F9318 /* Project object */;
			proxyType = 1;
			remoteGlobalIDString = 11B6DE66EDAD968C73064B43;
			remoteInfo = BeautyTime;
		};
/* End PBXContainerItemProxy section */

/* Begin PBXFileReference section */
		03029E6E8F04CFB83F383D99 /* FavoritesView.swift */ = {isa = PBXFileReference; lastKnownFileType = sourcecode.swift; path = FavoritesView.swift; sourceTree = "<group>"; };
		07395F7FBD3EFD5D58450EEB /* VoucherPurchaseView.swift */ = {isa = PBXFileReference; lastKnownFileType = sourcecode.swift; path = VoucherPurchaseView.swift; sourceTree = "<group>"; };
		083CF38227787717E6299F34 /* StaffInvitationsView.swift */ = {isa = PBXFileReference; lastKnownFileType = sourcecode.swift; path = StaffInvitationsView.swift; sourceTree = "<group>"; };
		0F9CAF964FC9D93EA9B63953 /* EditProfileView.swift */ = {isa = PBXFileReference; lastKnownFileType = sourcecode.swift; path = EditProfileView.swift; sourceTree = "<group>"; };
		101CB85B34F1625C39761FF3 /* QRCodeView.swift */ = {isa = PBXFileReference; lastKnownFileType = sourcecode.swift; path = QRCodeView.swift; sourceTree = "<group>"; };
		12DDB880CEA064610848E38D /* CreateMatchView.swift */ = {isa = PBXFileReference; lastKnownFileType = sourcecode.swift; path = CreateMatchView.swift; sourceTree = "<group>"; };
		15CC6DF19A272CD8F2A768A6 /* ImageUploader.swift */ = {isa = PBXFileReference; lastKnownFileType = sourcecode.swift; path = ImageUploader.swift; sourceTree = "<group>"; };
		21B791EEC5CE4032749DCBAB /* FormattersTests.swift */ = {isa = PBXFileReference; lastKnownFileType = sourcecode.swift; path = FormattersTests.swift; sourceTree = "<group>"; };
		2374FC6750550046D6539B98 /* ProviderSettingsView.swift */ = {isa = PBXFileReference; lastKnownFileType = sourcecode.swift; path = ProviderSettingsView.swift; sourceTree = "<group>"; };
		23CBA0C72DFDA587B7946DC3 /* Info.plist */ = {isa = PBXFileReference; lastKnownFileType = text.plist; path = Info.plist; sourceTree = "<group>"; };
		24912AB79544F975FEA129D0 /* PerformanceView.swift */ = {isa = PBXFileReference; lastKnownFileType = sourcecode.swift; path = PerformanceView.swift; sourceTree = "<group>"; };
		25F0AA46314AACD689A976B3 /* Constants.swift */ = {isa = PBXFileReference; lastKnownFileType = sourcecode.swift; path = Constants.swift; sourceTree = "<group>"; };
		275296EA03768BCDD011D774 /* MyCouponsView.swift */ = {isa = PBXFileReference; lastKnownFileType = sourcecode.swift; path = MyCouponsView.swift; sourceTree = "<group>"; };
		283E55F165CA7E899521982F /* APIEndpointsTests.swift */ = {isa = PBXFileReference; lastKnownFileType = sourcecode.swift; path = APIEndpointsTests.swift; sourceTree = "<group>"; };
		2934F8CCB010D39D95646461 /* SelectStaffStep.swift */ = {isa = PBXFileReference; lastKnownFileType = sourcecode.swift; path = SelectStaffStep.swift; sourceTree = "<group>"; };
		2CA02066323EF9E972FDD7BE /* AnalyticsManageStore.swift */ = {isa = PBXFileReference; lastKnownFileType = sourcecode.swift; path = AnalyticsManageStore.swift; sourceTree = "<group>"; };
		2D2F1E7861BA173CAACC67CF /* Theme.swift */ = {isa = PBXFileReference; lastKnownFileType = sourcecode.swift; path = Theme.swift; sourceTree = "<group>"; };
		2F4A0C334CC9FCB387E56555 /* SearchBar.swift */ = {isa = PBXFileReference; lastKnownFileType = sourcecode.swift; path = SearchBar.swift; sourceTree = "<group>"; };
		30AE117C44ECEAC5DCEDF49F /* BeautyTimeApp.swift */ = {isa = PBXFileReference; lastKnownFileType = sourcecode.swift; path = BeautyTimeApp.swift; sourceTree = "<group>"; };
		35B1D42D1004BEFED7777499 /* NotificationStore.swift */ = {isa = PBXFileReference; lastKnownFileType = sourcecode.swift; path = NotificationStore.swift; sourceTree = "<group>"; };
		36063F768E8EB81DDECEC61A /* ManageNotificationsView.swift */ = {isa = PBXFileReference; lastKnownFileType = sourcecode.swift; path = ManageNotificationsView.swift; sourceTree = "<group>"; };
		39F87B41BD61F067A43C7409 /* ProfileView.swift */ = {isa = PBXFileReference; lastKnownFileType = sourcecode.swift; path = ProfileView.swift; sourceTree = "<group>"; };
		3BAA7F0FB9F292184AB74AB7 /* StaffManageStore.swift */ = {isa = PBXFileReference; lastKnownFileType = sourcecode.swift; path = StaffManageStore.swift; sourceTree = "<group>"; };
		3D6731380E1EB531A923A1E4 /* SurveyView.swift */ = {isa = PBXFileReference; lastKnownFileType = sourcecode.swift; path = SurveyView.swift; sourceTree = "<group>"; };
		42BBC596A4D5A5F1706DD0D4 /* ReviewsSection.swift */ = {isa = PBXFileReference; lastKnownFileType = sourcecode.swift; path = ReviewsSection.swift; sourceTree = "<group>"; };
		4B0DBE22E261E9144D343FED /* TokenManager.swift */ = {isa = PBXFileReference; lastKnownFileType = sourcecode.swift; path = TokenManager.swift; sourceTree = "<group>"; };
		4B90E5EE2B699D274E1B2F0F /* PaymentStep.swift */ = {isa = PBXFileReference; lastKnownFileType = sourcecode.swift; path = PaymentStep.swift; sourceTree = "<group>"; };
		4BFBF584303124451F21B926 /* ContentView.swift */ = {isa = PBXFileReference; lastKnownFileType = sourcecode.swift; path = ContentView.swift; sourceTree = "<group>"; };
		4C40E586F8D9DE4503CC2355 /* CustomersView.swift */ = {isa = PBXFileReference; lastKnownFileType = sourcecode.swift; path = CustomersView.swift; sourceTree = "<group>"; };
		4DD49929B95062D6C14B1AAA /* MatchListView.swift */ = {isa = PBXFileReference; lastKnownFileType = sourcecode.swift; path = MatchListView.swift; sourceTree = "<group>"; };
		4E54A336004BFF85D0786C41 /* Models.swift */ = {isa = PBXFileReference; lastKnownFileType = sourcecode.swift; path = Models.swift; sourceTree = "<group>"; };
		E15497D77C0641828E69D70B /* ProviderModels.swift */ = {isa = PBXFileReference; lastKnownFileType = sourcecode.swift; path = ProviderModels.swift; sourceTree = "<group>"; };
		9614955F5BED4D969AAA5C27 /* BookingModels.swift */ = {isa = PBXFileReference; lastKnownFileType = sourcecode.swift; path = BookingModels.swift; sourceTree = "<group>"; };
		5EB792EFAD9A44E49F7015A6 /* ManageModels.swift */ = {isa = PBXFileReference; lastKnownFileType = sourcecode.swift; path = ManageModels.swift; sourceTree = "<group>"; };
		006CF799C4B8415E81117B00 /* AuthModels.swift */ = {isa = PBXFileReference; lastKnownFileType = sourcecode.swift; path = AuthModels.swift; sourceTree = "<group>"; };
		8D82A4AB7575483D811EE202 /* DashboardStore.swift */ = {isa = PBXFileReference; lastKnownFileType = sourcecode.swift; path = DashboardStore.swift; sourceTree = "<group>"; };
		001C113292544C0A88531DE1 /* CustomerManageStore.swift */ = {isa = PBXFileReference; lastKnownFileType = sourcecode.swift; path = CustomerManageStore.swift; sourceTree = "<group>"; };
		03894A88E8B342FB89820BEB /* OrderManageStore.swift */ = {isa = PBXFileReference; lastKnownFileType = sourcecode.swift; path = OrderManageStore.swift; sourceTree = "<group>"; };
		FCBB74275F8548F8A93908D7 /* BookingAlertService.swift */ = {isa = PBXFileReference; lastKnownFileType = sourcecode.swift; path = BookingAlertService.swift; sourceTree = "<group>"; };
		CC9AE9604C1744E9BECB30F3 /* DeepLinkRouter.swift */ = {isa = PBXFileReference; lastKnownFileType = sourcecode.swift; path = DeepLinkRouter.swift; sourceTree = "<group>"; };
		53C5C0CE3DB2473A8C7CFEF0 /* ShareCardView.swift */ = {isa = PBXFileReference; lastKnownFileType = sourcecode.swift; path = ShareCardView.swift; sourceTree = "<group>"; };
		DEA9B32C15DA4E6685DFD838 /* TodayDashboardCard.swift */ = {isa = PBXFileReference; lastKnownFileType = sourcecode.swift; path = TodayDashboardCard.swift; sourceTree = "<group>"; };
		BFA296F5A08840BBA628ADA0 /* APIClientTests.swift */ = {isa = PBXFileReference; lastKnownFileType = sourcecode.swift; path = APIClientTests.swift; sourceTree = "<group>"; };
		81E1FFAC884B4694B3D07EB6 /* AuthStoreTests.swift */ = {isa = PBXFileReference; lastKnownFileType = sourcecode.swift; path = AuthStoreTests.swift; sourceTree = "<group>"; };
		4EB3DBBB748D2E5BDBA6C593 /* UnpaidOrdersView.swift */ = {isa = PBXFileReference; lastKnownFileType = sourcecode.swift; path = UnpaidOrdersView.swift; sourceTree = "<group>"; };
		50311427D176B0DE9A349EFC /* StaffExceptionsView.swift */ = {isa = PBXFileReference; lastKnownFileType = sourcecode.swift; path = StaffExceptionsView.swift; sourceTree = "<group>"; };
		50D6321A2EC3BE6AF59ED435 /* ManageView.swift */ = {isa = PBXFileReference; lastKnownFileType = sourcecode.swift; path = ManageView.swift; sourceTree = "<group>"; };
		562551BDF7C56C351E7048B6 /* ViewModelIntegrationTests.swift */ = {isa = PBXFileReference; lastKnownFileType = sourcecode.swift; path = ViewModelIntegrationTests.swift; sourceTree = "<group>"; };
		579580D9949B0CBCBB100FE3 /* AppConfig.swift */ = {isa = PBXFileReference; lastKnownFileType = sourcecode.swift; path = AppConfig.swift; sourceTree = "<group>"; };
		583E81162A016EC636607F40 /* OTPInputView.swift */ = {isa = PBXFileReference; lastKnownFileType = sourcecode.swift; path = OTPInputView.swift; sourceTree = "<group>"; };
		59F54C12A06633647E141E44 /* TimeSlotBlockView.swift */ = {isa = PBXFileReference; lastKnownFileType = sourcecode.swift; path = TimeSlotBlockView.swift; sourceTree = "<group>"; };
		60DAF79DFDE8869B4520C3FD /* UserStore.swift */ = {isa = PBXFileReference; lastKnownFileType = sourcecode.swift; path = UserStore.swift; sourceTree = "<group>"; };
		63DE1EFB49360E911B70DD19 /* APIEndpoints.swift */ = {isa = PBXFileReference; lastKnownFileType = sourcecode.swift; path = APIEndpoints.swift; sourceTree = "<group>"; };
		6AE7009C8BD93B3E691BE79F /* VoucherPlansView.swift */ = {isa = PBXFileReference; lastKnownFileType = sourcecode.swift; path = VoucherPlansView.swift; sourceTree = "<group>"; };
		6CC625A7D595C35D3C53CD7B /* ConstantsTests.swift */ = {isa = PBXFileReference; lastKnownFileType = sourcecode.swift; path = ConstantsTests.swift; sourceTree = "<group>"; };
		6D3A640E288C2A22936DA470 /* ProviderStore.swift */ = {isa = PBXFileReference; lastKnownFileType = sourcecode.swift; path = ProviderStore.swift; sourceTree = "<group>"; };
		6F69D0D080A72054CD402638 /* PaymentMethodsView.swift */ = {isa = PBXFileReference; lastKnownFileType = sourcecode.swift; path = PaymentMethodsView.swift; sourceTree = "<group>"; };
		7624D32F8F147C73659D9824 /* StoreTests.swift */ = {isa = PBXFileReference; lastKnownFileType = sourcecode.swift; path = StoreTests.swift; sourceTree = "<group>"; };
		7A774F38A7B35A32DFAE59B7 /* SelectDateTimeStep.swift */ = {isa = PBXFileReference; lastKnownFileType = sourcecode.swift; path = SelectDateTimeStep.swift; sourceTree = "<group>"; };
		7C72E9A4B5C3E5D344D61C1D /* StaffPicker.swift */ = {isa = PBXFileReference; lastKnownFileType = sourcecode.swift; path = StaffPicker.swift; sourceTree = "<group>"; };
		7DAABCADDDD24FD75CAE2323 /* ProviderCard.swift */ = {isa = PBXFileReference; lastKnownFileType = sourcecode.swift; path = ProviderCard.swift; sourceTree = "<group>"; };
		7E8266B3301EAAEFACCFB6BA /* MyBookingsView.swift */ = {isa = PBXFileReference; lastKnownFileType = sourcecode.swift; path = MyBookingsView.swift; sourceTree = "<group>"; };
		7EBCAEBA75EED55059756982 /* NotificationsView.swift */ = {isa = PBXFileReference; lastKnownFileType = sourcecode.swift; path = NotificationsView.swift; sourceTree = "<group>"; };
		816A16D59CB3A7F94F3B9CCC /* LoadingView.swift */ = {isa = PBXFileReference; lastKnownFileType = sourcecode.swift; path = LoadingView.swift; sourceTree = "<group>"; };
		82D25EAD37163CDA272AC8B3 /* ConfirmStep.swift */ = {isa = PBXFileReference; lastKnownFileType = sourcecode.swift; path = ConfirmStep.swift; sourceTree = "<group>"; };
		8E4AE200E1EC11861F457E35 /* MatchView.swift */ = {isa = PBXFileReference; lastKnownFileType = sourcecode.swift; path = MatchView.swift; sourceTree = "<group>"; };
		8F447731B6BD81E345DC317C /* PlansTab.swift */ = {isa = PBXFileReference; lastKnownFileType = sourcecode.swift; path = PlansTab.swift; sourceTree = "<group>"; };
		8FFFB7F89813046CDDF98F26 /* StaffManageView.swift */ = {isa = PBXFileReference; lastKnownFileType = sourcecode.swift; path = StaffManageView.swift; sourceTree = "<group>"; };
		96BFDADF16C7AC38789FB361 /* MatchDetailView.swift */ = {isa = PBXFileReference; lastKnownFileType = sourcecode.swift; path = MatchDetailView.swift; sourceTree = "<group>"; };
		96D36698AA444EA563F706C3 /* SignInView.swift */ = {isa = PBXFileReference; lastKnownFileType = sourcecode.swift; path = SignInView.swift; sourceTree = "<group>"; };
		97CCD52B75E509D878765AE9 /* BusinessHoursView.swift */ = {isa = PBXFileReference; lastKnownFileType = sourcecode.swift; path = BusinessHoursView.swift; sourceTree = "<group>"; };
		9A0D1F05E2BE5A8416B262EC /* APIClient.swift */ = {isa = PBXFileReference; lastKnownFileType = sourcecode.swift; path = APIClient.swift; sourceTree = "<group>"; };
		A3DD3BA686B0021435B4F5DB /* BookingFlowView.swift */ = {isa = PBXFileReference; lastKnownFileType = sourcecode.swift; path = BookingFlowView.swift; sourceTree = "<group>"; };
		A508248C99B8E8CB56B9C063 /* PortfolioSection.swift */ = {isa = PBXFileReference; lastKnownFileType = sourcecode.swift; path = PortfolioSection.swift; sourceTree = "<group>"; };
		A513DB2A117D067158C31C35 /* OrdersManageView.swift */ = {isa = PBXFileReference; lastKnownFileType = sourcecode.swift; path = OrdersManageView.swift; sourceTree = "<group>"; };
		A6FD6E59BC6F0C4287E70572 /* VoucherDetailView.swift */ = {isa = PBXFileReference; lastKnownFileType = sourcecode.swift; path = VoucherDetailView.swift; sourceTree = "<group>"; };
		A8EC05636DF6C6549E25A13A /* VerifyPhoneView.swift */ = {isa = PBXFileReference; lastKnownFileType = sourcecode.swift; path = VerifyPhoneView.swift; sourceTree = "<group>"; };
		AA6B1398848405B0DC6EAE4E /* BeautyTime.app */ = {isa = PBXFileReference; includeInIndex = 0; lastKnownFileType = wrapper.application; path = BeautyTime.app; sourceTree = BUILT_PRODUCTS_DIR; };
		B3E0BB95F8B369F54C1D6E33 /* BeautyTimeTests.xctest */ = {isa = PBXFileReference; includeInIndex = 0; lastKnownFileType = wrapper.cfbundle; path = BeautyTimeTests.xctest; sourceTree = BUILT_PRODUCTS_DIR; };
		B42120FB2C3DF94281857FD3 /* ECPayWebView.swift */ = {isa = PBXFileReference; lastKnownFileType = sourcecode.swift; path = ECPayWebView.swift; sourceTree = "<group>"; };
		B46B3CAAE27FDE36911BF9D5 /* SignUpView.swift */ = {isa = PBXFileReference; lastKnownFileType = sourcecode.swift; path = SignUpView.swift; sourceTree = "<group>"; };
		B55C8DCD77E2C2E6B091E362 /* ProviderRegisterView.swift */ = {isa = PBXFileReference; lastKnownFileType = sourcecode.swift; path = ProviderRegisterView.swift; sourceTree = "<group>"; };
		B62507B1B8DD4C62DD905A10 /* MainTabView.swift */ = {isa = PBXFileReference; lastKnownFileType = sourcecode.swift; path = MainTabView.swift; sourceTree = "<group>"; };
		B9D457BBAD5899F89D573BC7 /* DashboardView.swift */ = {isa = PBXFileReference; lastKnownFileType = sourcecode.swift; path = DashboardView.swift; sourceTree = "<group>"; };
		BAB1482CCDE520F35BD32A6F /* ProviderDetailView.swift */ = {isa = PBXFileReference; lastKnownFileType = sourcecode.swift; path = ProviderDetailView.swift; sourceTree = "<group>"; };
		C48F2BED866E0F0C7C4052DB /* BookingFlowStore.swift */ = {isa = PBXFileReference; lastKnownFileType = sourcecode.swift; path = BookingFlowStore.swift; sourceTree = "<group>"; };
		C565C7DFFC5BD54EEC029D30 /* PortfolioManageView.swift */ = {isa = PBXFileReference; lastKnownFileType = sourcecode.swift; path = PortfolioManageView.swift; sourceTree = "<group>"; };
		C6254B2A3173C8BBBB62BDCF /* SelectServiceStep.swift */ = {isa = PBXFileReference; lastKnownFileType = sourcecode.swift; path = SelectServiceStep.swift; sourceTree = "<group>"; };
		C7070526C3D28D166D2A0905 /* PayrollView.swift */ = {isa = PBXFileReference; lastKnownFileType = sourcecode.swift; path = PayrollView.swift; sourceTree = "<group>"; };
		C9CFD88BAC44182A22E1C87C /* InvitationsView.swift */ = {isa = PBXFileReference; lastKnownFileType = sourcecode.swift; path = InvitationsView.swift; sourceTree = "<group>"; };
		CC6602FE71956943A6ACD0E0 /* ModelsTests.swift */ = {isa = PBXFileReference; lastKnownFileType = sourcecode.swift; path = ModelsTests.swift; sourceTree = "<group>"; };
		D208C10EFEBDBE6C9B90223E /* TokenManagerTests.swift */ = {isa = PBXFileReference; lastKnownFileType = sourcecode.swift; path = TokenManagerTests.swift; sourceTree = "<group>"; };
		D2DA1E711F0A3AD89509A6FC /* ScheduleView.swift */ = {isa = PBXFileReference; lastKnownFileType = sourcecode.swift; path = ScheduleView.swift; sourceTree = "<group>"; };
		D2F00D4224A6C98E667B62B2 /* StaffTab.swift */ = {isa = PBXFileReference; lastKnownFileType = sourcecode.swift; path = StaffTab.swift; sourceTree = "<group>"; };
		D5B1F3913E202CD09E52F973 /* AuthStore.swift */ = {isa = PBXFileReference; lastKnownFileType = sourcecode.swift; path = AuthStore.swift; sourceTree = "<group>"; };
		D7EBB2023D701AFAF189340A /* HTTPMethod.swift */ = {isa = PBXFileReference; lastKnownFileType = sourcecode.swift; path = HTTPMethod.swift; sourceTree = "<group>"; };
		D7F7C9B5502D629F938FFF21 /* ServicesManageView.swift */ = {isa = PBXFileReference; lastKnownFileType = sourcecode.swift; path = ServicesManageView.swift; sourceTree = "<group>"; };
		D8EF2563AF359C9FE5A4A718 /* MarketingView.swift */ = {isa = PBXFileReference; lastKnownFileType = sourcecode.swift; path = MarketingView.swift; sourceTree = "<group>"; };
		D972C662583D5B223F7EA4A0 /* Formatters.swift */ = {isa = PBXFileReference; lastKnownFileType = sourcecode.swift; path = Formatters.swift; sourceTree = "<group>"; };
		DEB7E7CA548A36BCFE14286D /* ManageStore.swift */ = {isa = PBXFileReference; lastKnownFileType = sourcecode.swift; path = ManageStore.swift; sourceTree = "<group>"; };
		DEEF157408D8E9FC32CAB164 /* ExploreView.swift */ = {isa = PBXFileReference; lastKnownFileType = sourcecode.swift; path = ExploreView.swift; sourceTree = "<group>"; };
		E0464A58B4A2215089072AED /* VoucherManageStore.swift */ = {isa = PBXFileReference; lastKnownFileType = sourcecode.swift; path = VoucherManageStore.swift; sourceTree = "<group>"; };
		E578294DD14DBB64F0DFD2DF /* VoucherRedeemView.swift */ = {isa = PBXFileReference; lastKnownFileType = sourcecode.swift; path = VoucherRedeemView.swift; sourceTree = "<group>"; };
		E7D68C8ADB3092F7C3523A8B /* MatchOffersView.swift */ = {isa = PBXFileReference; lastKnownFileType = sourcecode.swift; path = MatchOffersView.swift; sourceTree = "<group>"; };
		ECA9F53D87E464AF485D30B9 /* PayrollManageStore.swift */ = {isa = PBXFileReference; lastKnownFileType = sourcecode.swift; path = PayrollManageStore.swift; sourceTree = "<group>"; };
		EE5CA8C66C37279AA941AA10 /* APIError.swift */ = {isa = PBXFileReference; lastKnownFileType = sourcecode.swift; path = APIError.swift; sourceTree = "<group>"; };
		F1C8E74585C862ED6A4E3979 /* MyVouchersView.swift */ = {isa = PBXFileReference; lastKnownFileType = sourcecode.swift; path = MyVouchersView.swift; sourceTree = "<group>"; };
		F35DF4D93DE3EAEE639402EE /* FilterSheet.swift */ = {isa = PBXFileReference; lastKnownFileType = sourcecode.swift; path = FilterSheet.swift; sourceTree = "<group>"; };
		F6E601337DFB94604661F548 /* BookingDetailView.swift */ = {isa = PBXFileReference; lastKnownFileType = sourcecode.swift; path = BookingDetailView.swift; sourceTree = "<group>"; };
		F6FC438B3DB46A3F3494362A /* StaffScheduleEditView.swift */ = {isa = PBXFileReference; lastKnownFileType = sourcecode.swift; path = StaffScheduleEditView.swift; sourceTree = "<group>"; };
		FC48258B25BA0DF86C5D9E9F /* AnalyticsView.swift */ = {isa = PBXFileReference; lastKnownFileType = sourcecode.swift; path = AnalyticsView.swift; sourceTree = "<group>"; };
/* End PBXFileReference section */

/* Begin PBXFrameworksBuildPhase section */
		45E12E52F7AB9AEA1A21622C /* Frameworks */ = {
			isa = PBXFrameworksBuildPhase;
			buildActionMask = 2147483647;
			files = (
				E1F7CBB354F4D91B234303CD /* KeychainAccess in Frameworks */,
				72217F40BE1607825A564026 /* Kingfisher in Frameworks */,
				578B4C0F122DA64EA6DFFD0D /* GoogleSignIn in Frameworks */,
			);
			runOnlyForDeploymentPostprocessing = 0;
		};
/* End PBXFrameworksBuildPhase section */

/* Begin PBXGroup section */
		05E860987C789E5D0F3092B3 /* BeautyTimeTests */ = {
			isa = PBXGroup;
			children = (
				283E55F165CA7E899521982F /* APIEndpointsTests.swift */,
				6CC625A7D595C35D3C53CD7B /* ConstantsTests.swift */,
				21B791EEC5CE4032749DCBAB /* FormattersTests.swift */,
				CC6602FE71956943A6ACD0E0 /* ModelsTests.swift */,
				7624D32F8F147C73659D9824 /* StoreTests.swift */,
				D208C10EFEBDBE6C9B90223E /* TokenManagerTests.swift */,
				BFA296F5A08840BBA628ADA0 /* APIClientTests.swift */,
				81E1FFAC884B4694B3D07EB6 /* AuthStoreTests.swift */,
				562551BDF7C56C351E7048B6 /* ViewModelIntegrationTests.swift */,
			);
			path = BeautyTimeTests;
			sourceTree = "<group>";
		};
		0FE3D1816B2537B25950A333 /* Match */ = {
			isa = PBXGroup;
			children = (
				12DDB880CEA064610848E38D /* CreateMatchView.swift */,
				96BFDADF16C7AC38789FB361 /* MatchDetailView.swift */,
				4DD49929B95062D6C14B1AAA /* MatchListView.swift */,
				8E4AE200E1EC11861F457E35 /* MatchView.swift */,
			);
			path = Match;
			sourceTree = "<group>";
		};
		104E41DF2A6F283539373022 /* Auth */ = {
			isa = PBXGroup;
			children = (
				583E81162A016EC636607F40 /* OTPInputView.swift */,
				96D36698AA444EA563F706C3 /* SignInView.swift */,
				B46B3CAAE27FDE36911BF9D5 /* SignUpView.swift */,
			);
			path = Auth;
			sourceTree = "<group>";
		};
		26414CE163EB209BF02F151E /* Payment */ = {
			isa = PBXGroup;
			children = (
				B42120FB2C3DF94281857FD3 /* ECPayWebView.swift */,
			);
			path = Payment;
			sourceTree = "<group>";
		};
		41B6468C7E03920598D0BC20 /* Provider */ = {
			isa = PBXGroup;
			children = (
				8F447731B6BD81E345DC317C /* PlansTab.swift */,
				A508248C99B8E8CB56B9C063 /* PortfolioSection.swift */,
				BAB1482CCDE520F35BD32A6F /* ProviderDetailView.swift */,
				42BBC596A4D5A5F1706DD0D4 /* ReviewsSection.swift */,
				D2F00D4224A6C98E667B62B2 /* StaffTab.swift */,
			);
			path = Provider;
			sourceTree = "<group>";
		};
		41FA6F2E771D62FDC711334B /* Survey */ = {
			isa = PBXGroup;
			children = (
				3D6731380E1EB531A923A1E4 /* SurveyView.swift */,
			);
			path = Survey;
			sourceTree = "<group>";
		};
		4A48FB18A3A9F8A3EE952ECA /* Features */ = {
			isa = PBXGroup;
			children = (
				104E41DF2A6F283539373022 /* Auth */,
				934CD99B2F6E3A337FA3B1DF /* Booking */,
				F0D234490A30022848EBC22C /* Explore */,
				A5738A5DAC73B71970F523DA /* Manage */,
				0FE3D1816B2537B25950A333 /* Match */,
				C165958E20874D19DAA0CC4A /* MyBookings */,
				26414CE163EB209BF02F151E /* Payment */,
				CDE3975EE175E16500B58984 /* Profile */,
				41B6468C7E03920598D0BC20 /* Provider */,
				41FA6F2E771D62FDC711334B /* Survey */,
				7FE06A2712394ACEB0F3751B /* Voucher */,
			);
			path = Features;
			sourceTree = "<group>";
		};
		4E740F28ADCC4533DC9F29F7 /* Extensions */ = {
			isa = PBXGroup;
			children = (
			);
			path = Extensions;
			sourceTree = "<group>";
		};
		5277D5E71C77D6AE247AFD3A /* Components */ = {
			isa = PBXGroup;
			children = (
				816A16D59CB3A7F94F3B9CCC /* LoadingView.swift */,
				101CB85B34F1625C39761FF3 /* QRCodeView.swift */,
				2F4A0C334CC9FCB387E56555 /* SearchBar.swift */,
				7C72E9A4B5C3E5D344D61C1D /* StaffPicker.swift */,
			);
			path = Components;
			sourceTree = "<group>";
		};
		7FE06A2712394ACEB0F3751B /* Voucher */ = {
			isa = PBXGroup;
			children = (
				F1C8E74585C862ED6A4E3979 /* MyVouchersView.swift */,
				A6FD6E59BC6F0C4287E70572 /* VoucherDetailView.swift */,
				07395F7FBD3EFD5D58450EEB /* VoucherPurchaseView.swift */,
			);
			path = Voucher;
			sourceTree = "<group>";
		};
		82557098852CD4E7EB95A3DA /* Resources */ = {
			isa = PBXGroup;
			children = (
			);
			path = Resources;
			sourceTree = "<group>";
		};
		8C048FD50C8D7DB1BEDACE0F /* App */ = {
			isa = PBXGroup;
			children = (
				30AE117C44ECEAC5DCEDF49F /* BeautyTimeApp.swift */,
				CC9AE9604C1744E9BECB30F3 /* DeepLinkRouter.swift */,
				4BFBF584303124451F21B926 /* ContentView.swift */,
				B62507B1B8DD4C62DD905A10 /* MainTabView.swift */,
			);
			path = App;
			sourceTree = "<group>";
		};
		8D0C19831DEE82C3C86D8E7D /* Stores */ = {
			isa = PBXGroup;
			children = (
				2CA02066323EF9E972FDD7BE /* AnalyticsManageStore.swift */,
				D5B1F3913E202CD09E52F973 /* AuthStore.swift */,
				C48F2BED866E0F0C7C4052DB /* BookingFlowStore.swift */,
				DEB7E7CA548A36BCFE14286D /* ManageStore.swift */,
				35B1D42D1004BEFED7777499 /* NotificationStore.swift */,
				ECA9F53D87E464AF485D30B9 /* PayrollManageStore.swift */,
				6D3A640E288C2A22936DA470 /* ProviderStore.swift */,
				3BAA7F0FB9F292184AB74AB7 /* StaffManageStore.swift */,
				60DAF79DFDE8869B4520C3FD /* UserStore.swift */,
				E0464A58B4A2215089072AED /* VoucherManageStore.swift */,
			);
			path = Stores;
			sourceTree = "<group>";
		};
		934CD99B2F6E3A337FA3B1DF /* Booking */ = {
			isa = PBXGroup;
			children = (
				A3DD3BA686B0021435B4F5DB /* BookingFlowView.swift */,
				82D25EAD37163CDA272AC8B3 /* ConfirmStep.swift */,
				4B90E5EE2B699D274E1B2F0F /* PaymentStep.swift */,
				7A774F38A7B35A32DFAE59B7 /* SelectDateTimeStep.swift */,
				C6254B2A3173C8BBBB62BDCF /* SelectServiceStep.swift */,
				2934F8CCB010D39D95646461 /* SelectStaffStep.swift */,
			);
			path = Booking;
			sourceTree = "<group>";
		};
		A160569F68D813AB959CD1D1 /* Network */ = {
			isa = PBXGroup;
			children = (
				9A0D1F05E2BE5A8416B262EC /* APIClient.swift */,
				63DE1EFB49360E911B70DD19 /* APIEndpoints.swift */,
				EE5CA8C66C37279AA941AA10 /* APIError.swift */,
				D7EBB2023D701AFAF189340A /* HTTPMethod.swift */,
				4B0DBE22E261E9144D343FED /* TokenManager.swift */,
				8D82A4AB7575483D811EE202 /* DashboardStore.swift */,
				001C113292544C0A88531DE1 /* CustomerManageStore.swift */,
				03894A88E8B342FB89820BEB /* OrderManageStore.swift */,
			);
			path = Network;
			sourceTree = "<group>";
		};
		A5738A5DAC73B71970F523DA /* Manage */ = {
			isa = PBXGroup;
			children = (
				FC48258B25BA0DF86C5D9E9F /* AnalyticsView.swift */,
				97CCD52B75E509D878765AE9 /* BusinessHoursView.swift */,
				4C40E586F8D9DE4503CC2355 /* CustomersView.swift */,
				B9D457BBAD5899F89D573BC7 /* DashboardView.swift */,
				36063F768E8EB81DDECEC61A /* ManageNotificationsView.swift */,
				50D6321A2EC3BE6AF59ED435 /* ManageView.swift */,
				D8EF2563AF359C9FE5A4A718 /* MarketingView.swift */,
				E7D68C8ADB3092F7C3523A8B /* MatchOffersView.swift */,
				A513DB2A117D067158C31C35 /* OrdersManageView.swift */,
				C7070526C3D28D166D2A0905 /* PayrollView.swift */,
				24912AB79544F975FEA129D0 /* PerformanceView.swift */,
				C565C7DFFC5BD54EEC029D30 /* PortfolioManageView.swift */,
				2374FC6750550046D6539B98 /* ProviderSettingsView.swift */,
				D2DA1E711F0A3AD89509A6FC /* ScheduleView.swift */,
				D7F7C9B5502D629F938FFF21 /* ServicesManageView.swift */,
				50311427D176B0DE9A349EFC /* StaffExceptionsView.swift */,
				083CF38227787717E6299F34 /* StaffInvitationsView.swift */,
				8FFFB7F89813046CDDF98F26 /* StaffManageView.swift */,
				F6FC438B3DB46A3F3494362A /* StaffScheduleEditView.swift */,
				59F54C12A06633647E141E44 /* TimeSlotBlockView.swift */,
				6AE7009C8BD93B3E691BE79F /* VoucherPlansView.swift */,
				E578294DD14DBB64F0DFD2DF /* VoucherRedeemView.swift */,
			);
			path = Manage;
			sourceTree = "<group>";
		};
		BAF662C0801C8ED0CA115658 = {
			isa = PBXGroup;
			children = (
				F5C17576C9D3893E76D07147 /* BeautyTime */,
				05E860987C789E5D0F3092B3 /* BeautyTimeTests */,
				DE66895D89D521F30CA0EAA6 /* Products */,
			);
			sourceTree = "<group>";
		};
		C165958E20874D19DAA0CC4A /* MyBookings */ = {
			isa = PBXGroup;
			children = (
				F6E601337DFB94604661F548 /* BookingDetailView.swift */,
				7E8266B3301EAAEFACCFB6BA /* MyBookingsView.swift */,
			);
			path = MyBookings;
			sourceTree = "<group>";
		};
		CDBA30F98EF5D4FA0CD6B312 /* Core */ = {
			isa = PBXGroup;
			children = (
				579580D9949B0CBCBB100FE3 /* AppConfig.swift */,
				2D2F1E7861BA173CAACC67CF /* Theme.swift */,
				4E740F28ADCC4533DC9F29F7 /* Extensions */,
				D65BDDA7EF39689D9068891A /* Models */,
				A160569F68D813AB959CD1D1 /* Network */,
				8D0C19831DEE82C3C86D8E7D /* Stores */,
				D09F26CA6556ECB8D675FB5F /* Utilities */,
			);
			path = Core;
			sourceTree = "<group>";
		};
		CDE3975EE175E16500B58984 /* Profile */ = {
			isa = PBXGroup;
			children = (
				0F9CAF964FC9D93EA9B63953 /* EditProfileView.swift */,
				03029E6E8F04CFB83F383D99 /* FavoritesView.swift */,
				C9CFD88BAC44182A22E1C87C /* InvitationsView.swift */,
				275296EA03768BCDD011D774 /* MyCouponsView.swift */,
				7EBCAEBA75EED55059756982 /* NotificationsView.swift */,
				6F69D0D080A72054CD402638 /* PaymentMethodsView.swift */,
				39F87B41BD61F067A43C7409 /* ProfileView.swift */,
				B55C8DCD77E2C2E6B091E362 /* ProviderRegisterView.swift */,
				4EB3DBBB748D2E5BDBA6C593 /* UnpaidOrdersView.swift */,
				A8EC05636DF6C6549E25A13A /* VerifyPhoneView.swift */,
			);
			path = Profile;
			sourceTree = "<group>";
		};
		D09F26CA6556ECB8D675FB5F /* Utilities */ = {
			isa = PBXGroup;
			children = (
				25F0AA46314AACD689A976B3 /* Constants.swift */,
				D972C662583D5B223F7EA4A0 /* Formatters.swift */,
				15CC6DF19A272CD8F2A768A6 /* ImageUploader.swift */,
			);
			path = Utilities;
			sourceTree = "<group>";
		};
		D65BDDA7EF39689D9068891A /* Models */ = {
			isa = PBXGroup;
			children = (
				4E54A336004BFF85D0786C41 /* Models.swift */,
				E15497D77C0641828E69D70B /* ProviderModels.swift */,
				9614955F5BED4D969AAA5C27 /* BookingModels.swift */,
				5EB792EFAD9A44E49F7015A6 /* ManageModels.swift */,
				006CF799C4B8415E81117B00 /* AuthModels.swift */,
			);
			path = Models;
			sourceTree = "<group>";
		};
		DE66895D89D521F30CA0EAA6 /* Products */ = {
			isa = PBXGroup;
			children = (
				AA6B1398848405B0DC6EAE4E /* BeautyTime.app */,
				B3E0BB95F8B369F54C1D6E33 /* BeautyTimeTests.xctest */,
			);
			name = Products;
			sourceTree = "<group>";
		};
		F0D234490A30022848EBC22C /* Explore */ = {
			isa = PBXGroup;
			children = (
				DEEF157408D8E9FC32CAB164 /* ExploreView.swift */,
				F35DF4D93DE3EAEE639402EE /* FilterSheet.swift */,
				7DAABCADDDD24FD75CAE2323 /* ProviderCard.swift */,
			);
			path = Explore;
			sourceTree = "<group>";
		};
		F5C17576C9D3893E76D07147 /* BeautyTime */ = {
			isa = PBXGroup;
			children = (
				23CBA0C72DFDA587B7946DC3 /* Info.plist */,
				8C048FD50C8D7DB1BEDACE0F /* App */,
				5277D5E71C77D6AE247AFD3A /* Components */,
				CDBA30F98EF5D4FA0CD6B312 /* Core */,
				4A48FB18A3A9F8A3EE952ECA /* Features */,
				82557098852CD4E7EB95A3DA /* Resources */,
			);
			path = BeautyTime;
			sourceTree = "<group>";
		};
/* End PBXGroup section */

/* Begin PBXNativeTarget section */
		11B6DE66EDAD968C73064B43 /* BeautyTime */ = {
			isa = PBXNativeTarget;
			buildConfigurationList = 44C747F7F2813C7D2DC739CB /* Build configuration list for PBXNativeTarget "BeautyTime" */;
			buildPhases = (
				E71FE67BAFFA1A9C4A5A22E4 /* Sources */,
				45E12E52F7AB9AEA1A21622C /* Frameworks */,
			);
			buildRules = (
			);
			dependencies = (
			);
			name = BeautyTime;
			packageProductDependencies = (
				CD9169DEF6C88CC287078904 /* KeychainAccess */,
				377B3D79DC307092D56FB62C /* Kingfisher */,
				88E819C13F644CF06CEBF949 /* GoogleSignIn */,
			);
			productName = BeautyTime;
			productReference = AA6B1398848405B0DC6EAE4E /* BeautyTime.app */;
			productType = "com.apple.product-type.application";
		};
		A7715A75A85F020073A1D90E /* BeautyTimeTests */ = {
			isa = PBXNativeTarget;
			buildConfigurationList = 327F4701A713F56A05015DAB /* Build configuration list for PBXNativeTarget "BeautyTimeTests" */;
			buildPhases = (
				6E198EC1DA08AB9D066AC962 /* Sources */,
			);
			buildRules = (
			);
			dependencies = (
				9A6F8044E58F18B9DA42F5CB /* PBXTargetDependency */,
			);
			name = BeautyTimeTests;
			packageProductDependencies = (
			);
			productName = BeautyTimeTests;
			productReference = B3E0BB95F8B369F54C1D6E33 /* BeautyTimeTests.xctest */;
			productType = "com.apple.product-type.bundle.unit-test";
		};
/* End PBXNativeTarget section */

/* Begin PBXProject section */
		DE98446D373F07D11E6F9318 /* Project object */ = {
			isa = PBXProject;
			attributes = {
				BuildIndependentTargetsInParallel = YES;
				LastUpgradeCheck = 1630;
				TargetAttributes = {
					11B6DE66EDAD968C73064B43 = {
						ProvisioningStyle = Automatic;
					};
				};
			};
			buildConfigurationList = D01B9430D721E8DD5FCAFB5D /* Build configuration list for PBXProject "BeautyTime" */;
			developmentRegion = en;
			hasScannedForEncodings = 0;
			knownRegions = (
				Base,
				en,
			);
			mainGroup = BAF662C0801C8ED0CA115658;
			minimizedProjectReferenceProxies = 1;
			packageReferences = (
				7F4B2BEAB52F29E7C16F67A2 /* XCRemoteSwiftPackageReference "GoogleSignIn-iOS" */,
				AA972A25B589381140F00E3A /* XCRemoteSwiftPackageReference "KeychainAccess" */,
				8159988F48AD627DF3FD4B81 /* XCRemoteSwiftPackageReference "Kingfisher" */,
			);
			preferredProjectObjectVersion = 77;
			productRefGroup = DE66895D89D521F30CA0EAA6 /* Products */;
			projectDirPath = "";
			projectRoot = "";
			targets = (
				11B6DE66EDAD968C73064B43 /* BeautyTime */,
				A7715A75A85F020073A1D90E /* BeautyTimeTests */,
			);
		};
/* End PBXProject section */

/* Begin PBXSourcesBuildPhase section */
		6E198EC1DA08AB9D066AC962 /* Sources */ = {
			isa = PBXSourcesBuildPhase;
			buildActionMask = 2147483647;
			files = (
				D8012B42FEA661FD29B92F17 /* APIEndpointsTests.swift in Sources */,
				8BD0DEA1CDA79DF0BF342CED /* ConstantsTests.swift in Sources */,
				3089340538D5BDE87CD86017 /* FormattersTests.swift in Sources */,
				DA980622AC02A02FD89DF90B /* ModelsTests.swift in Sources */,
				B6C9EDBC22B2CE5259784391 /* StoreTests.swift in Sources */,
				95D049363764D0FF6D5BBD22 /* TokenManagerTests.swift in Sources */,
					C2A8C7A2834B4CAB8DFC077A /* APIClientTests.swift in Sources */,
					41CCCBD57107451590D6710B /* AuthStoreTests.swift in Sources */,
				F892E710A929BCBF82C2636C /* ViewModelIntegrationTests.swift in Sources */,
			);
			runOnlyForDeploymentPostprocessing = 0;
		};
		E71FE67BAFFA1A9C4A5A22E4 /* Sources */ = {
			isa = PBXSourcesBuildPhase;
			buildActionMask = 2147483647;
			files = (
				BA2447E31FFF4A42F5D03125 /* APIClient.swift in Sources */,
				2D84F804956A9B4E2001EAF8 /* APIEndpoints.swift in Sources */,
				77A18A8EC8F5B21A68078116 /* APIError.swift in Sources */,
				D57C22636AAFF6B3E1B4C17E /* AnalyticsManageStore.swift in Sources */,
				633F38E6EC8C3F3165DE0616 /* AnalyticsView.swift in Sources */,
				C429F899F646ACB645430795 /* AppConfig.swift in Sources */,
				C34AC47093667F8729CE4072 /* AuthStore.swift in Sources */,
				7452696B3D08CD0D48BE26D7 /* BeautyTimeApp.swift in Sources */,
				458DBD822364177B32DC94B2 /* BookingDetailView.swift in Sources */,
				4E427570EA556A6F90498B8B /* BookingFlowStore.swift in Sources */,
				6A5076C34B02D8725CAD5581 /* BookingFlowView.swift in Sources */,
				51B17AF8FBA915A5E5014539 /* BusinessHoursView.swift in Sources */,
				6B75B29EE23D9388A81F9266 /* ConfirmStep.swift in Sources */,
				B093D08051089A2603DD8BF7 /* Constants.swift in Sources */,
				6A7151ADD8F743FF17EF96EF /* ContentView.swift in Sources */,
				8606BC4BAA02F3A5271DDD30 /* CreateMatchView.swift in Sources */,
				32183206577F3858B1FD252A /* CustomersView.swift in Sources */,
				FD3E6C93E0B2DC5DCC423A1A /* DashboardView.swift in Sources */,
				DE2D8801C36CC551DB0B88D4 /* ECPayWebView.swift in Sources */,
				9D00CAA871130F4D50570803 /* EditProfileView.swift in Sources */,
				1F04D917E7EB95F76A5E3A1F /* ExploreView.swift in Sources */,
				1DA32B4C3FA34CBA613543BF /* FavoritesView.swift in Sources */,
				8C72756672960A5C5C1A50CE /* FilterSheet.swift in Sources */,
				2C3FF1FB5D32B55F214C23CF /* Formatters.swift in Sources */,
				8BAFDA47B6F769F3627579C6 /* HTTPMethod.swift in Sources */,
				5F854E6EE51CFA4A59B4A8C0 /* ImageUploader.swift in Sources */,
				FB01A1A5C7A5C0F3B662466B /* InvitationsView.swift in Sources */,
				77777DBB4B60C6A7D2222AA4 /* LoadingView.swift in Sources */,
				C42EFF2A26A0C1083FA21732 /* MainTabView.swift in Sources */,
				5F817CA3DB021622BD6D9F94 /* ManageNotificationsView.swift in Sources */,
				10355D21C654EADE6FD330F8 /* ManageStore.swift in Sources */,
				BD8E4613248270418926C249 /* ManageView.swift in Sources */,
				985502E0F6311683244FA61D /* MarketingView.swift in Sources */,
				39AEE8D47E360F4B0C9CF454 /* MatchDetailView.swift in Sources */,
				1834F740167A2A406FB1F902 /* MatchListView.swift in Sources */,
				DFC0AB846A6A58595F405273 /* MatchOffersView.swift in Sources */,
				FD131CE18B88DE8063D40B42 /* MatchView.swift in Sources */,
				FA0C59B2451C46DCF08E9164 /* Models.swift in Sources */,
					31E6E54B5C2A4E22B353A923 /* ProviderModels.swift in Sources */,
					5E3F621C39C645CC9A31E94D /* BookingModels.swift in Sources */,
					739DDAEEE7CF404A9150B5A4 /* ManageModels.swift in Sources */,
					71D20DBE8E7C482EAF62A805 /* AuthModels.swift in Sources */,
					C09BB9B6B62043038FFFA0AA /* DashboardStore.swift in Sources */,
					D4729250FEE8467DA6697593 /* CustomerManageStore.swift in Sources */,
					F02082244F6648F38265263B /* OrderManageStore.swift in Sources */,
					AE311551F2E1468E9341FF8A /* BookingAlertService.swift in Sources */,
					F7C5A84FE71840869B16CE7C /* DeepLinkRouter.swift in Sources */,
					396EC14931294E889A9A8291 /* ShareCardView.swift in Sources */,
					6E61BA91A776403A87D8DF15 /* TodayDashboardCard.swift in Sources */,
				E8FBF549860AC10EE69DBF07 /* MyBookingsView.swift in Sources */,
				C0D2278C0FA1B88B811E1F94 /* MyCouponsView.swift in Sources */,
				6F893F73CD6914031FCBD53F /* MyVouchersView.swift in Sources */,
				82F283932FE119F0A3A6E171 /* NotificationStore.swift in Sources */,
				2B0FB85D1D4FBA3E30531C36 /* NotificationsView.swift in Sources */,
				ACF5C118DD410F6FF927618A /* OTPInputView.swift in Sources */,
				F2B9676AD53EC87D1D77911E /* OrdersManageView.swift in Sources */,
				FA2F175480D7CD6365F75793 /* PaymentMethodsView.swift in Sources */,
				532629E7607E1846AC80D9FF /* PaymentStep.swift in Sources */,
				D074ACCE96BCE57BE7319A9F /* PayrollManageStore.swift in Sources */,
				C8AD38DD2E48CA5F525AB4C3 /* PayrollView.swift in Sources */,
				9E1B30C556E747B3F826EDB6 /* PerformanceView.swift in Sources */,
				0CF71C02E78A05C25F2F17C5 /* PlansTab.swift in Sources */,
				1D32D5937D8EAC85FE5B016A /* PortfolioManageView.swift in Sources */,
				B1EC5B721A9B9BDD5A81357B /* PortfolioSection.swift in Sources */,
				E76B9105C0A39E636E2CD0B1 /* ProfileView.swift in Sources */,
				E73A5870CAB2C49078122AC8 /* ProviderCard.swift in Sources */,
				DBFA82871EBA4C303F4D485B /* ProviderDetailView.swift in Sources */,
				59E16468F320619BEB2DEBA6 /* ProviderRegisterView.swift in Sources */,
				11EB348CD8CAECD1433CF102 /* ProviderSettingsView.swift in Sources */,
				547A31E046DD18058746A636 /* ProviderStore.swift in Sources */,
				B793D7746FAE260E698CAF22 /* QRCodeView.swift in Sources */,
				D7E4A82DA367981B03F8003A /* ReviewsSection.swift in Sources */,
				92A173DD95707792B45BBE10 /* ScheduleView.swift in Sources */,
				36379031FED7F587A15E55AA /* SearchBar.swift in Sources */,
				8B35CE79CFEF02D0B4821B98 /* SelectDateTimeStep.swift in Sources */,
				EA748EB6814987258091BB65 /* SelectServiceStep.swift in Sources */,
				18B2E4FFD791BE94F4BCE766 /* SelectStaffStep.swift in Sources */,
				DE50DB2D9579C1E0257A431F /* ServicesManageView.swift in Sources */,
				1BA3D27DCC4250AD14D1408B /* SignInView.swift in Sources */,
				98FFC32FED7024D2776541E7 /* SignUpView.swift in Sources */,
				C2D38DCFB259B637141DD4EF /* StaffExceptionsView.swift in Sources */,
				9E116E7745A5C627A61AE60F /* StaffInvitationsView.swift in Sources */,
				6A736BA5FBC3E8BF75E74903 /* StaffManageStore.swift in Sources */,
				E90AA7F87CE81B9555AF6D2C /* StaffManageView.swift in Sources */,
				4D9EB225126090E95EB36918 /* StaffPicker.swift in Sources */,
				83CFD86E9BF6CD5E6EB2F461 /* StaffScheduleEditView.swift in Sources */,
				6EDF8A3A72943D117B22DD50 /* StaffTab.swift in Sources */,
				618E05097A7A03A9916CB740 /* SurveyView.swift in Sources */,
				73385D3B8125F91824AA4361 /* Theme.swift in Sources */,
				3DEB22C98C18342D1C943C0A /* TimeSlotBlockView.swift in Sources */,
				6560E21C25F318F918E6FBB0 /* TokenManager.swift in Sources */,
				57941E216BD5880D105341F7 /* UnpaidOrdersView.swift in Sources */,
				984AB1DF06504380AF9ACD1E /* UserStore.swift in Sources */,
				2B06886404DF20D549D68B82 /* VerifyPhoneView.swift in Sources */,
				9B310F018F364D6EB50E12D6 /* VoucherDetailView.swift in Sources */,
				EDDFBEB1DC4D95E439019CD5 /* VoucherManageStore.swift in Sources */,
				A6697843F4A245669CC9ED83 /* VoucherPlansView.swift in Sources */,
				31EBF85CB4B2613CD6E0EBE2 /* VoucherPurchaseView.swift in Sources */,
				DC05C57D57201526DE67A66F /* VoucherRedeemView.swift in Sources */,
			);
			runOnlyForDeploymentPostprocessing = 0;
		};
/* End PBXSourcesBuildPhase section */

/* Begin PBXTargetDependency section */
		9A6F8044E58F18B9DA42F5CB /* PBXTargetDependency */ = {
			isa = PBXTargetDependency;
			target = 11B6DE66EDAD968C73064B43 /* BeautyTime */;
			targetProxy = 3BFDE6E4B6E25B10CDF648D0 /* PBXContainerItemProxy */;
		};
/* End PBXTargetDependency section */

/* Begin XCBuildConfiguration section */
		1EF6A32A8B6AE19E91989F81 /* Debug */ = {
			isa = XCBuildConfiguration;
			buildSettings = {
				BUNDLE_LOADER = "$(TEST_HOST)";
				GENERATE_INFOPLIST_FILE = YES;
				LD_RUNPATH_SEARCH_PATHS = (
					"$(inherited)",
					"@executable_path/Frameworks",
					"@loader_path/Frameworks",
				);
				PRODUCT_BUNDLE_IDENTIFIER = com.beautytime.BeautyTimeTests;
				SDKROOT = iphoneos;
				TARGETED_DEVICE_FAMILY = "1,2";
				TEST_HOST = "$(BUILT_PRODUCTS_DIR)/BeautyTime.app/BeautyTime";
			};
			name = Debug;
		};
		2E2A29EE375D79C9B838C422 /* Release */ = {
			isa = XCBuildConfiguration;
			buildSettings = {
				ASSETCATALOG_COMPILER_APPICON_NAME = AppIcon;
				CODE_SIGN_IDENTITY = "iPhone Developer";
				CODE_SIGN_STYLE = Automatic;
				CURRENT_PROJECT_VERSION = 1;
				GENERATE_INFOPLIST_FILE = YES;
				INFOPLIST_FILE = BeautyTime/Info.plist;
				INFOPLIST_KEY_NSCameraUsageDescription = "需要相機權限來掃描 QR Code 兌換票券";
				INFOPLIST_KEY_NSPhotoLibraryUsageDescription = "需要相簿權限來上傳作品集和頭像照片";
				INFOPLIST_KEY_UIApplicationSceneManifest_Generation = YES;
				INFOPLIST_KEY_UIApplicationSupportsIndirectInputEvents = YES;
				INFOPLIST_KEY_UILaunchScreen_Generation = YES;
				INFOPLIST_KEY_UISupportedInterfaceOrientations_iPhone = UIInterfaceOrientationPortrait;
				LD_RUNPATH_SEARCH_PATHS = (
					"$(inherited)",
					"@executable_path/Frameworks",
				);
				MARKETING_VERSION = 1.0.0;
				PRODUCT_BUNDLE_IDENTIFIER = com.beautytime.BeautyTime;
				SDKROOT = iphoneos;
				SWIFT_EMIT_LOC_STRINGS = YES;
				TARGETED_DEVICE_FAMILY = "1,2";
			};
			name = Release;
		};
		3BE1D35BAD3292CDDD3CF142 /* Release */ = {
			isa = XCBuildConfiguration;
			buildSettings = {
				BUNDLE_LOADER = "$(TEST_HOST)";
				GENERATE_INFOPLIST_FILE = YES;
				LD_RUNPATH_SEARCH_PATHS = (
					"$(inherited)",
					"@executable_path/Frameworks",
					"@loader_path/Frameworks",
				);
				PRODUCT_BUNDLE_IDENTIFIER = com.beautytime.BeautyTimeTests;
				SDKROOT = iphoneos;
				TARGETED_DEVICE_FAMILY = "1,2";
				TEST_HOST = "$(BUILT_PRODUCTS_DIR)/BeautyTime.app/BeautyTime";
			};
			name = Release;
		};
		3E4CDBEEB0A79B7654D0541B /* Release */ = {
			isa = XCBuildConfiguration;
			buildSettings = {
				ALWAYS_SEARCH_USER_PATHS = NO;
				CLANG_ANALYZER_NONNULL = YES;
				CLANG_ANALYZER_NUMBER_OBJECT_CONVERSION = YES_AGGRESSIVE;
				CLANG_CXX_LANGUAGE_STANDARD = "gnu++14";
				CLANG_CXX_LIBRARY = "libc++";
				CLANG_ENABLE_MODULES = YES;
				CLANG_ENABLE_OBJC_ARC = YES;
				CLANG_ENABLE_OBJC_WEAK = YES;
				CLANG_WARN_BLOCK_CAPTURE_AUTORELEASING = YES;
				CLANG_WARN_BOOL_CONVERSION = YES;
				CLANG_WARN_COMMA = YES;
				CLANG_WARN_CONSTANT_CONVERSION = YES;
				CLANG_WARN_DEPRECATED_OBJC_IMPLEMENTATIONS = YES;
				CLANG_WARN_DIRECT_OBJC_ISA_USAGE = YES_ERROR;
				CLANG_WARN_DOCUMENTATION_COMMENTS = YES;
				CLANG_WARN_EMPTY_BODY = YES;
				CLANG_WARN_ENUM_CONVERSION = YES;
				CLANG_WARN_INFINITE_RECURSION = YES;
				CLANG_WARN_INT_CONVERSION = YES;
				CLANG_WARN_NON_LITERAL_NULL_CONVERSION = YES;
				CLANG_WARN_OBJC_IMPLICIT_RETAIN_SELF = YES;
				CLANG_WARN_OBJC_LITERAL_CONVERSION = YES;
				CLANG_WARN_OBJC_ROOT_CLASS = YES_ERROR;
				CLANG_WARN_QUOTED_INCLUDE_IN_FRAMEWORK_HEADER = YES;
				CLANG_WARN_RANGE_LOOP_ANALYSIS = YES;
				CLANG_WARN_STRICT_PROTOTYPES = YES;
				CLANG_WARN_SUSPICIOUS_MOVE = YES;
				CLANG_WARN_UNGUARDED_AVAILABILITY = YES_AGGRESSIVE;
				CLANG_WARN_UNREACHABLE_CODE = YES;
				CLANG_WARN__DUPLICATE_METHOD_MATCH = YES;
				COPY_PHASE_STRIP = NO;
				DEBUG_INFORMATION_FORMAT = "dwarf-with-dsym";
				ENABLE_NS_ASSERTIONS = NO;
				ENABLE_STRICT_OBJC_MSGSEND = YES;
				GCC_C_LANGUAGE_STANDARD = gnu11;
				GCC_NO_COMMON_BLOCKS = YES;
				GCC_WARN_64_TO_32_BIT_CONVERSION = YES;
				GCC_WARN_ABOUT_RETURN_TYPE = YES_ERROR;
				GCC_WARN_UNDECLARED_SELECTOR = YES;
				GCC_WARN_UNINITIALIZED_AUTOS = YES_AGGRESSIVE;
				GCC_WARN_UNUSED_FUNCTION = YES;
				GCC_WARN_UNUSED_VARIABLE = YES;
				IPHONEOS_DEPLOYMENT_TARGET = 17.0;
				MTL_ENABLE_DEBUG_INFO = NO;
				MTL_FAST_MATH = YES;
				PRODUCT_NAME = "$(TARGET_NAME)";
				SDKROOT = iphoneos;
				SWIFT_COMPILATION_MODE = wholemodule;
				SWIFT_OPTIMIZATION_LEVEL = "-O";
				SWIFT_VERSION = 5.0;
			};
			name = Release;
		};
		62EB648D714E528D6764F0FC /* Debug */ = {
			isa = XCBuildConfiguration;
			buildSettings = {
				ASSETCATALOG_COMPILER_APPICON_NAME = AppIcon;
				CODE_SIGN_IDENTITY = "iPhone Developer";
				CODE_SIGN_STYLE = Automatic;
				CURRENT_PROJECT_VERSION = 1;
				GENERATE_INFOPLIST_FILE = YES;
				INFOPLIST_FILE = BeautyTime/Info.plist;
				INFOPLIST_KEY_NSCameraUsageDescription = "需要相機權限來掃描 QR Code 兌換票券";
				INFOPLIST_KEY_NSPhotoLibraryUsageDescription = "需要相簿權限來上傳作品集和頭像照片";
				INFOPLIST_KEY_UIApplicationSceneManifest_Generation = YES;
				INFOPLIST_KEY_UIApplicationSupportsIndirectInputEvents = YES;
				INFOPLIST_KEY_UILaunchScreen_Generation = YES;
				INFOPLIST_KEY_UISupportedInterfaceOrientations_iPhone = UIInterfaceOrientationPortrait;
				LD_RUNPATH_SEARCH_PATHS = (
					"$(inherited)",
					"@executable_path/Frameworks",
				);
				MARKETING_VERSION = 1.0.0;
				PRODUCT_BUNDLE_IDENTIFIER = com.beautytime.BeautyTime;
				SDKROOT = iphoneos;
				SWIFT_EMIT_LOC_STRINGS = YES;
				TARGETED_DEVICE_FAMILY = "1,2";
			};
			name = Debug;
		};
		F35FB65AF90C5FCCECB38C6B /* Debug */ = {
			isa = XCBuildConfiguration;
			buildSettings = {
				ALWAYS_SEARCH_USER_PATHS = NO;
				CLANG_ANALYZER_NONNULL = YES;
				CLANG_ANALYZER_NUMBER_OBJECT_CONVERSION = YES_AGGRESSIVE;
				CLANG_CXX_LANGUAGE_STANDARD = "gnu++14";
				CLANG_CXX_LIBRARY = "libc++";
				CLANG_ENABLE_MODULES = YES;
				CLANG_ENABLE_OBJC_ARC = YES;
				CLANG_ENABLE_OBJC_WEAK = YES;
				CLANG_WARN_BLOCK_CAPTURE_AUTORELEASING = YES;
				CLANG_WARN_BOOL_CONVERSION = YES;
				CLANG_WARN_COMMA = YES;
				CLANG_WARN_CONSTANT_CONVERSION = YES;
				CLANG_WARN_DEPRECATED_OBJC_IMPLEMENTATIONS = YES;
				CLANG_WARN_DIRECT_OBJC_ISA_USAGE = YES_ERROR;
				CLANG_WARN_DOCUMENTATION_COMMENTS = YES;
				CLANG_WARN_EMPTY_BODY = YES;
				CLANG_WARN_ENUM_CONVERSION = YES;
				CLANG_WARN_INFINITE_RECURSION = YES;
				CLANG_WARN_INT_CONVERSION = YES;
				CLANG_WARN_NON_LITERAL_NULL_CONVERSION = YES;
				CLANG_WARN_OBJC_IMPLICIT_RETAIN_SELF = YES;
				CLANG_WARN_OBJC_LITERAL_CONVERSION = YES;
				CLANG_WARN_OBJC_ROOT_CLASS = YES_ERROR;
				CLANG_WARN_QUOTED_INCLUDE_IN_FRAMEWORK_HEADER = YES;
				CLANG_WARN_RANGE_LOOP_ANALYSIS = YES;
				CLANG_WARN_STRICT_PROTOTYPES = YES;
				CLANG_WARN_SUSPICIOUS_MOVE = YES;
				CLANG_WARN_UNGUARDED_AVAILABILITY = YES_AGGRESSIVE;
				CLANG_WARN_UNREACHABLE_CODE = YES;
				CLANG_WARN__DUPLICATE_METHOD_MATCH = YES;
				COPY_PHASE_STRIP = NO;
				DEBUG_INFORMATION_FORMAT = dwarf;
				ENABLE_STRICT_OBJC_MSGSEND = YES;
				ENABLE_TESTABILITY = YES;
				GCC_C_LANGUAGE_STANDARD = gnu11;
				GCC_DYNAMIC_NO_PIC = NO;
				GCC_NO_COMMON_BLOCKS = YES;
				GCC_OPTIMIZATION_LEVEL = 0;
				GCC_PREPROCESSOR_DEFINITIONS = (
					"$(inherited)",
					"DEBUG=1",
				);
				GCC_WARN_64_TO_32_BIT_CONVERSION = YES;
				GCC_WARN_ABOUT_RETURN_TYPE = YES_ERROR;
				GCC_WARN_UNDECLARED_SELECTOR = YES;
				GCC_WARN_UNINITIALIZED_AUTOS = YES_AGGRESSIVE;
				GCC_WARN_UNUSED_FUNCTION = YES;
				GCC_WARN_UNUSED_VARIABLE = YES;
				IPHONEOS_DEPLOYMENT_TARGET = 17.0;
				MTL_ENABLE_DEBUG_INFO = INCLUDE_SOURCE;
				MTL_FAST_MATH = YES;
				ONLY_ACTIVE_ARCH = YES;
				PRODUCT_NAME = "$(TARGET_NAME)";
				SDKROOT = iphoneos;
				SWIFT_ACTIVE_COMPILATION_CONDITIONS = DEBUG;
				SWIFT_OPTIMIZATION_LEVEL = "-Onone";
				SWIFT_VERSION = 5.0;
			};
			name = Debug;
		};
/* End XCBuildConfiguration section */

/* Begin XCConfigurationList section */
		327F4701A713F56A05015DAB /* Build configuration list for PBXNativeTarget "BeautyTimeTests" */ = {
			isa = XCConfigurationList;
			buildConfigurations = (
				1EF6A32A8B6AE19E91989F81 /* Debug */,
				3BE1D35BAD3292CDDD3CF142 /* Release */,
			);
			defaultConfigurationIsVisible = 0;
			defaultConfigurationName = Debug;
		};
		44C747F7F2813C7D2DC739CB /* Build configuration list for PBXNativeTarget "BeautyTime" */ = {
			isa = XCConfigurationList;
			buildConfigurations = (
				62EB648D714E528D6764F0FC /* Debug */,
				2E2A29EE375D79C9B838C422 /* Release */,
			);
			defaultConfigurationIsVisible = 0;
			defaultConfigurationName = Debug;
		};
		D01B9430D721E8DD5FCAFB5D /* Build configuration list for PBXProject "BeautyTime" */ = {
			isa = XCConfigurationList;
			buildConfigurations = (
				F35FB65AF90C5FCCECB38C6B /* Debug */,
				3E4CDBEEB0A79B7654D0541B /* Release */,
			);
			defaultConfigurationIsVisible = 0;
			defaultConfigurationName = Debug;
		};
/* End XCConfigurationList section */

/* Begin XCRemoteSwiftPackageReference section */
		7F4B2BEAB52F29E7C16F67A2 /* XCRemoteSwiftPackageReference "GoogleSignIn-iOS" */ = {
			isa = XCRemoteSwiftPackageReference;
			repositoryURL = "https://github.com/google/GoogleSignIn-iOS.git";
			requirement = {
				kind = upToNextMajorVersion;
				minimumVersion = 8.0.0;
			};
		};
		8159988F48AD627DF3FD4B81 /* XCRemoteSwiftPackageReference "Kingfisher" */ = {
			isa = XCRemoteSwiftPackageReference;
			repositoryURL = "https://github.com/onevcat/Kingfisher.git";
			requirement = {
				kind = upToNextMajorVersion;
				minimumVersion = 8.0.0;
			};
		};
		AA972A25B589381140F00E3A /* XCRemoteSwiftPackageReference "KeychainAccess" */ = {
			isa = XCRemoteSwiftPackageReference;
			repositoryURL = "https://github.com/kishikawakatsumi/KeychainAccess.git";
			requirement = {
				kind = upToNextMajorVersion;
				minimumVersion = 4.2.2;
			};
		};
/* End XCRemoteSwiftPackageReference section */

/* Begin XCSwiftPackageProductDependency section */
		377B3D79DC307092D56FB62C /* Kingfisher */ = {
			isa = XCSwiftPackageProductDependency;
			package = 8159988F48AD627DF3FD4B81 /* XCRemoteSwiftPackageReference "Kingfisher" */;
			productName = Kingfisher;
		};
		88E819C13F644CF06CEBF949 /* GoogleSignIn */ = {
			isa = XCSwiftPackageProductDependency;
			package = 7F4B2BEAB52F29E7C16F67A2 /* XCRemoteSwiftPackageReference "GoogleSignIn-iOS" */;
			productName = GoogleSignIn;
		};
		CD9169DEF6C88CC287078904 /* KeychainAccess */ = {
			isa = XCSwiftPackageProductDependency;
			package = AA972A25B589381140F00E3A /* XCRemoteSwiftPackageReference "KeychainAccess" */;
			productName = KeychainAccess;
		};
/* End XCSwiftPackageProductDependency section */
	};
	rootObject = DE98446D373F07D11E6F9318 /* Project object */;
}
